// !$*UTF8*$!
{
	archiveVersion = 1;
	classes = {
	};
	objectVersion = 56;
	objects = {

/* Begin PBXBuildFile section */
		CB80BA052C473D98003642C3 /* PokeCardApp.swift in Sources */ = {isa = PBXBuildFile; fileRef = CB80BA042C473D98003642C3 /* PokeCardApp.swift */; };
		CB80BA072C473D98003642C3 /* ContentView.swift in Sources */ = {isa = PBXBuildFile; fileRef = CB80BA062C473D98003642C3 /* ContentView.swift */; };
		CB80BA092C473D99003642C3 /* Assets.xcassets in Resources */ = {isa = PBXBuildFile; fileRef = CB80BA082C473D99003642C3 /* Assets.xcassets */; };
		CB80BA0C2C473D99003642C3 /* Preview Assets.xcassets in Resources */ = {isa = PBXBuildFile; fileRef = CB80BA0B2C473D99003642C3 /* Preview Assets.xcassets */; };
		CB80BA162C473D9A003642C3 /* PokeCardTests.swift in Sources */ = {isa = PBXBuildFile; fileRef = CB80BA152C473D9A003642C3 /* PokeCardTests.swift */; };
		CB80BA202C473D9A003642C3 /* PokeCardUITests.swift in Sources */ = {isa = PBXBuildFile; fileRef = CB80BA1F2C473D9A003642C3 /* PokeCardUITests.swift */; };
		CB80BA222C473D9A003642C3 /* PokeCardUITestsLaunchTests.swift in Sources */ = {isa = PBXBuildFile; fileRef = CB80BA212C473D9A003642C3 /* PokeCardUITestsLaunchTests.swift */; };
		CB80BA352C473E9B003642C3 /* MainApp.swift in Sources */ = {isa = PBXBuildFile; fileRef = CB80BA342C473E9B003642C3 /* MainApp.swift */; };
		CB80BA372C473FF9003642C3 /* DotaViewModel.swift in Sources */ = {isa = PBXBuildFile; fileRef = CB80BA362C473FF9003642C3 /* DotaViewModel.swift */; };
		CB80BA392C4740A4003642C3 /* DotaHeroesModel.swift in Sources */ = {isa = PBXBuildFile; fileRef = CB80BA382C4740A4003642C3 /* DotaHeroesModel.swift */; };
		CB80BA3C2C474293003642C3 /* DotaServices.swift in Sources */ = {isa = PBXBuildFile; fileRef = CB80BA3B2C474293003642C3 /* DotaServices.swift */; };
		CB80BA3E2C4742F0003642C3 /* NetworkFactory.swift in Sources */ = {isa = PBXBuildFile; fileRef = CB80BA3D2C4742F0003642C3 /* NetworkFactory.swift */; };
		CB80BA402C4A38DB003642C3 /* Networker.swift in Sources */ = {isa = PBXBuildFile; fileRef = CB80BA3F2C4A38DB003642C3 /* Networker.swift */; };
		CB80BA422C4A3A09003642C3 /* NetworkError.swift in Sources */ = {isa = PBXBuildFile; fileRef = CB80BA412C4A3A09003642C3 /* NetworkError.swift */; };
		CB80BA442C4B6ACF003642C3 /* DetailHeroView.swift in Sources */ = {isa = PBXBuildFile; fileRef = CB80BA432C4B6ACE003642C3 /* DetailHeroView.swift */; };
/* End PBXBuildFile section */

/* Begin PBXContainerItemProxy section */
		CB80BA122C473D9A003642C3 /* PBXContainerItemProxy */ = {
			isa = PBXContainerItemProxy;
			containerPortal = CB80B9F92C473D98003642C3 /* Project object */;
			proxyType = 1;
			remoteGlobalIDString = CB80BA002C473D98003642C3;
			remoteInfo = PokeCard;
		};
		CB80BA1C2C473D9A003642C3 /* PBXContainerItemProxy */ = {
			isa = PBXContainerItemProxy;
			containerPortal = CB80B9F92C473D98003642C3 /* Project object */;
			proxyType = 1;
			remoteGlobalIDString = CB80BA002C473D98003642C3;
			remoteInfo = PokeCard;
		};
/* End PBXContainerItemProxy section */

/* Begin PBXFileReference section */
		CB80BA012C473D98003642C3 /* PokeCard.app */ = {isa = PBXFileReference; explicitFileType = wrapper.application; includeInIndex = 0; path = PokeCard.app; sourceTree = BUILT_PRODUCTS_DIR; };
		CB80BA042C473D98003642C3 /* PokeCardApp.swift */ = {isa = PBXFileReference; lastKnownFileType = sourcecode.swift; path = PokeCardApp.swift; sourceTree = "<group>"; };
		CB80BA062C473D98003642C3 /* ContentView.swift */ = {isa = PBXFileReference; lastKnownFileType = sourcecode.swift; path = ContentView.swift; sourceTree = "<group>"; };
		CB80BA082C473D99003642C3 /* Assets.xcassets */ = {isa = PBXFileReference; lastKnownFileType = folder.assetcatalog; path = Assets.xcassets; sourceTree = "<group>"; };
		CB80BA0B2C473D99003642C3 /* Preview Assets.xcassets */ = {isa = PBXFileReference; lastKnownFileType = folder.assetcatalog; path = "Preview Assets.xcassets"; sourceTree = "<group>"; };
		CB80BA112C473D9A003642C3 /* PokeCardTests.xctest */ = {isa = PBXFileReference; explicitFileType = wrapper.cfbundle; includeInIndex = 0; path = PokeCardTests.xctest; sourceTree = BUILT_PRODUCTS_DIR; };
		CB80BA152C473D9A003642C3 /* PokeCardTests.swift */ = {isa = PBXFileReference; lastKnownFileType = sourcecode.swift; path = PokeCardTests.swift; sourceTree = "<group>"; };
		CB80BA1B2C473D9A003642C3 /* PokeCardUITests.xctest */ = {isa = PBXFileReference; explicitFileType = wrapper.cfbundle; includeInIndex = 0; path = PokeCardUITests.xctest; sourceTree = BUILT_PRODUCTS_DIR; };
		CB80BA1F2C473D9A003642C3 /* PokeCardUITests.swift */ = {isa = PBXFileReference; lastKnownFileType = sourcecode.swift; path = PokeCardUITests.swift; sourceTree = "<group>"; };
		CB80BA212C473D9A003642C3 /* PokeCardUITestsLaunchTests.swift */ = {isa = PBXFileReference; lastKnownFileType = sourcecode.swift; path = PokeCardUITestsLaunchTests.swift; sourceTree = "<group>"; };
		CB80BA342C473E9B003642C3 /* MainApp.swift */ = {isa = PBXFileReference; lastKnownFileType = sourcecode.swift; path = MainApp.swift; sourceTree = "<group>"; };
		CB80BA362C473FF9003642C3 /* DotaViewModel.swift */ = {isa = PBXFileReference; lastKnownFileType = sourcecode.swift; path = DotaViewModel.swift; sourceTree = "<group>"; };
		CB80BA382C4740A4003642C3 /* DotaHeroesModel.swift */ = {isa = PBXFileReference; lastKnownFileType = sourcecode.swift; path = DotaHeroesModel.swift; sourceTree = "<group>"; };
		CB80BA3B2C474293003642C3 /* DotaServices.swift */ = {isa = PBXFileReference; lastKnownFileType = sourcecode.swift; path = DotaServices.swift; sourceTree = "<group>"; };
		CB80BA3D2C4742F0003642C3 /* NetworkFactory.swift */ = {isa = PBXFileReference; lastKnownFileType = sourcecode.swift; path = NetworkFactory.swift; sourceTree = "<group>"; };
		CB80BA3F2C4A38DB003642C3 /* Networker.swift */ = {isa = PBXFileReference; lastKnownFileType = sourcecode.swift; path = Networker.swift; sourceTree = "<group>"; };
		CB80BA412C4A3A09003642C3 /* NetworkError.swift */ = {isa = PBXFileReference; lastKnownFileType = sourcecode.swift; path = NetworkError.swift; sourceTree = "<group>"; };
		CB80BA432C4B6ACE003642C3 /* DetailHeroView.swift */ = {isa = PBXFileReference; lastKnownFileType = sourcecode.swift; path = DetailHeroView.swift; sourceTree = "<group>"; };
/* End PBXFileReference section */

/* Begin PBXFrameworksBuildPhase section */
		CB80B9FE2C473D98003642C3 /* Frameworks */ = {
			isa = PBXFrameworksBuildPhase;
			buildActionMask = 2147483647;
			files = (
			);
			runOnlyForDeploymentPostprocessing = 0;
		};
		CB80BA0E2C473D9A003642C3 /* Frameworks */ = {
			isa = PBXFrameworksBuildPhase;
			buildActionMask = 2147483647;
			files = (
			);
			runOnlyForDeploymentPostprocessing = 0;
		};
		CB80BA182C473D9A003642C3 /* Frameworks */ = {
			isa = PBXFrameworksBuildPhase;
			buildActionMask = 2147483647;
			files = (
			);
			runOnlyForDeploymentPostprocessing = 0;
		};
/* End PBXFrameworksBuildPhase section */

/* Begin PBXGroup section */
		CB80B9F82C473D98003642C3 = {
			isa = PBXGroup;
			children = (
				CB80BA032C473D98003642C3 /* PokeCard */,
				CB80BA142C473D9A003642C3 /* PokeCardTests */,
				CB80BA1E2C473D9A003642C3 /* PokeCardUITests */,
				CB80BA022C473D98003642C3 /* Products */,
			);
			sourceTree = "<group>";
		};
		CB80BA022C473D98003642C3 /* Products */ = {
			isa = PBXGroup;
			children = (
				CB80BA012C473D98003642C3 /* PokeCard.app */,
				CB80BA112C473D9A003642C3 /* PokeCardTests.xctest */,
				CB80BA1B2C473D9A003642C3 /* PokeCardUITests.xctest */,
			);
			name = Products;
			sourceTree = "<group>";
		};
		CB80BA032C473D98003642C3 /* PokeCard */ = {
			isa = PBXGroup;
			children = (
				CB80BA2F2C473DFE003642C3 /* Network */,
				CB80BA302C473E0D003642C3 /* Services */,
				CB80BA452C4BBC66003642C3 /* InitializedApp */,
				CB80BA2E2C473DF7003642C3 /* Models */,
				CB80BA322C473E2E003642C3 /* Views */,
				CB80BA312C473E14003642C3 /* ViewModel */,
				CB80BA432C4B6ACE003642C3 /* DetailHeroView.swift */,
				CB80BA082C473D99003642C3 /* Assets.xcassets */,
				CB80BA0A2C473D99003642C3 /* Preview Content */,
			);
			path = PokeCard;
			sourceTree = "<group>";
		};
		CB80BA0A2C473D99003642C3 /* Preview Content */ = {
			isa = PBXGroup;
			children = (
				CB80BA0B2C473D99003642C3 /* Preview Assets.xcassets */,
			);
			path = "Preview Content";
			sourceTree = "<group>";
		};
		CB80BA142C473D9A003642C3 /* PokeCardTests */ = {
			isa = PBXGroup;
			children = (
				CB80BA152C473D9A003642C3 /* PokeCardTests.swift */,
			);
			path = PokeCardTests;
			sourceTree = "<group>";
		};
		CB80BA1E2C473D9A003642C3 /* PokeCardUITests */ = {
			isa = PBXGroup;
			children = (
				CB80BA1F2C473D9A003642C3 /* PokeCardUITests.swift */,
				CB80BA212C473D9A003642C3 /* PokeCardUITestsLaunchTests.swift */,
			);
			path = PokeCardUITests;
			sourceTree = "<group>";
		};
		CB80BA2E2C473DF7003642C3 /* Models */ = {
			isa = PBXGroup;
			children = (
				CB80BA382C4740A4003642C3 /* DotaHeroesModel.swift */,
			);
			path = Models;
			sourceTree = "<group>";
		};
		CB80BA2F2C473DFE003642C3 /* Network */ = {
			isa = PBXGroup;
			children = (
				CB80BA412C4A3A09003642C3 /* NetworkError.swift */,
				CB80BA3D2C4742F0003642C3 /* NetworkFactory.swift */,
				CB80BA3F2C4A38DB003642C3 /* Networker.swift */,
			);
			path = Network;
			sourceTree = "<group>";
		};
		CB80BA302C473E0D003642C3 /* Services */ = {
			isa = PBXGroup;
			children = (
				CB80BA3B2C474293003642C3 /* DotaServices.swift */,
			);
			path = Services;
			sourceTree = "<group>";
		};
		CB80BA312C473E14003642C3 /* ViewModel */ = {
			isa = PBXGroup;
			children = (
				CB80BA362C473FF9003642C3 /* DotaViewModel.swift */,
			);
			path = ViewModel;
			sourceTree = "<group>";
		};
		CB80BA322C473E2E003642C3 /* Views */ = {
			isa = PBXGroup;
			children = (
			);
			path = Views;
			sourceTree = "<group>";
		};
		CB80BA452C4BBC66003642C3 /* InitializedApp */ = {
			isa = PBXGroup;
			children = (
				CB80BA062C473D98003642C3 /* ContentView.swift */,
				CB80BA042C473D98003642C3 /* PokeCardApp.swift */,
				CB80BA342C473E9B003642C3 /* MainApp.swift */,
			);
			path = InitializedApp;
			sourceTree = "<group>";
		};
/* End PBXGroup section */

/* Begin PBXNativeTarget section */
		CB80BA002C473D98003642C3 /* PokeCard */ = {
			isa = PBXNativeTarget;
			buildConfigurationList = CB80BA252C473D9A003642C3 /* Build configuration list for PBXNativeTarget "PokeCard" */;
			buildPhases = (
				CB80B9FD2C473D98003642C3 /* Sources */,
				CB80B9FE2C473D98003642C3 /* Frameworks */,
				CB80B9FF2C473D98003642C3 /* Resources */,
			);
			buildRules = (
			);
			dependencies = (
			);
			name = PokeCard;
			productName = PokeCard;
			productReference = CB80BA012C473D98003642C3 /* PokeCard.app */;
			productType = "com.apple.product-type.application";
		};
		CB80BA102C473D9A003642C3 /* PokeCardTests */ = {
			isa = PBXNativeTarget;
			buildConfigurationList = CB80BA282C473D9A003642C3 /* Build configuration list for PBXNativeTarget "PokeCardTests" */;
			buildPhases = (
				CB80BA0D2C473D9A003642C3 /* Sources */,
				CB80BA0E2C473D9A003642C3 /* Frameworks */,
				CB80BA0F2C473D9A003642C3 /* Resources */,
			);
			buildRules = (
			);
			dependencies = (
				CB80BA132C473D9A003642C3 /* PBXTargetDependency */,
			);
			name = PokeCardTests;
			productName = PokeCardTests;
			productReference = CB80BA112C473D9A003642C3 /* PokeCardTests.xctest */;
			productType = "com.apple.product-type.bundle.unit-test";
		};
		CB80BA1A2C473D9A003642C3 /* PokeCardUITests */ = {
			isa = PBXNativeTarget;
			buildConfigurationList = CB80BA2B2C473D9A003642C3 /* Build configuration list for PBXNativeTarget "PokeCardUITests" */;
			buildPhases = (
				CB80BA172C473D9A003642C3 /* Sources */,
				CB80BA182C473D9A003642C3 /* Frameworks */,
				CB80BA192C473D9A003642C3 /* Resources */,
			);
			buildRules = (
			);
			dependencies = (
				CB80BA1D2C473D9A003642C3 /* PBXTargetDependency */,
			);
			name = PokeCardUITests;
			productName = PokeCardUITests;
			productReference = CB80BA1B2C473D9A003642C3 /* PokeCardUITests.xctest */;
			productType = "com.apple.product-type.bundle.ui-testing";
		};
/* End PBXNativeTarget section */

/* Begin PBXProject section */
		CB80B9F92C473D98003642C3 /* Project object */ = {
			isa = PBXProject;
			attributes = {
				BuildIndependentTargetsInParallel = 1;
				LastSwiftUpdateCheck = 1540;
				LastUpgradeCheck = 1540;
				TargetAttributes = {
					CB80BA002C473D98003642C3 = {
						CreatedOnToolsVersion = 15.4;
					};
					CB80BA102C473D9A003642C3 = {
						CreatedOnToolsVersion = 15.4;
						TestTargetID = CB80BA002C473D98003642C3;
					};
					CB80BA1A2C473D9A003642C3 = {
						CreatedOnToolsVersion = 15.4;
						TestTargetID = CB80BA002C473D98003642C3;
					};
				};
			};
			buildConfigurationList = CB80B9FC2C473D98003642C3 /* Build configuration list for PBXProject "PokeCard" */;
			compatibilityVersion = "Xcode 14.0";
			developmentRegion = en;
			hasScannedForEncodings = 0;
			knownRegions = (
				en,
				Base,
			);
			mainGroup = CB80B9F82C473D98003642C3;
			productRefGroup = CB80BA022C473D98003642C3 /* Products */;
			projectDirPath = "";
			projectRoot = "";
			targets = (
				CB80BA002C473D98003642C3 /* PokeCard */,
				CB80BA102C473D9A003642C3 /* PokeCardTests */,
				CB80BA1A2C473D9A003642C3 /* PokeCardUITests */,
			);
		};
/* End PBXProject section */

/* Begin PBXResourcesBuildPhase section */
		CB80B9FF2C473D98003642C3 /* Resources */ = {
			isa = PBXResourcesBuildPhase;
			buildActionMask = 2147483647;
			files = (
				CB80BA0C2C473D99003642C3 /* Preview Assets.xcassets in Resources */,
				CB80BA092C473D99003642C3 /* Assets.xcassets in Resources */,
			);
			runOnlyForDeploymentPostprocessing = 0;
		};
		CB80BA0F2C473D9A003642C3 /* Resources */ = {
			isa = PBXResourcesBuildPhase;
			buildActionMask = 2147483647;
			files = (
			);
			runOnlyForDeploymentPostprocessing = 0;
		};
		CB80BA192C473D9A003642C3 /* Resources */ = {
			isa = PBXResourcesBuildPhase;
			buildActionMask = 2147483647;
			files = (
			);
			runOnlyForDeploymentPostprocessing = 0;
		};
/* End PBXResourcesBuildPhase section */

/* Begin PBXSourcesBuildPhase section */
		CB80B9FD2C473D98003642C3 /* Sources */ = {
			isa = PBXSourcesBuildPhase;
			buildActionMask = 2147483647;
			files = (
				CB80BA392C4740A4003642C3 /* DotaHeroesModel.swift in Sources */,
				CB80BA3C2C474293003642C3 /* DotaServices.swift in Sources */,
				CB80BA3E2C4742F0003642C3 /* NetworkFactory.swift in Sources */,
				CB80BA402C4A38DB003642C3 /* Networker.swift in Sources */,
				CB80BA072C473D98003642C3 /* ContentView.swift in Sources */,
				CB80BA442C4B6ACF003642C3 /* DetailHeroView.swift in Sources */,
				CB80BA352C473E9B003642C3 /* MainApp.swift in Sources */,
				CB80BA422C4A3A09003642C3 /* NetworkError.swift in Sources */,
				CB80BA372C473FF9003642C3 /* DotaViewModel.swift in Sources */,
				CB80BA052C473D98003642C3 /* PokeCardApp.swift in Sources */,
			);
			runOnlyForDeploymentPostprocessing = 0;
		};
		CB80BA0D2C473D9A003642C3 /* Sources */ = {
			isa = PBXSourcesBuildPhase;
			buildActionMask = 2147483647;
			files = (
				CB80BA162C473D9A003642C3 /* PokeCardTests.swift in Sources */,
			);
			runOnlyForDeploymentPostprocessing = 0;
		};
		CB80BA172C473D9A003642C3 /* Sources */ = {
			isa = PBXSourcesBuildPhase;
			buildActionMask = 2147483647;
			files = (
				CB80BA222C473D9A003642C3 /* PokeCardUITestsLaunchTests.swift in Sources */,
				CB80BA202C473D9A003642C3 /* PokeCardUITests.swift in Sources */,
			);
			runOnlyForDeploymentPostprocessing = 0;
		};
/* End PBXSourcesBuildPhase section */

/* Begin PBXTargetDependency section */
		CB80BA132C473D9A003642C3 /* PBXTargetDependency */ = {
			isa = PBXTargetDependency;
			target = CB80BA002C473D98003642C3 /* PokeCard */;
			targetProxy = CB80BA122C473D9A003642C3 /* PBXContainerItemProxy */;
		};
		CB80BA1D2C473D9A003642C3 /* PBXTargetDependency */ = {
			isa = PBXTargetDependency;
			target = CB80BA002C473D98003642C3 /* PokeCard */;
			targetProxy = CB80BA1C2C473D9A003642C3 /* PBXContainerItemProxy */;
		};
/* End PBXTargetDependency section */

/* Begin XCBuildConfiguration section */
		CB80BA232C473D9A003642C3 /* Debug */ = {
			isa = XCBuildConfiguration;
			buildSettings = {
				ALWAYS_SEARCH_USER_PATHS = NO;
				ASSETCATALOG_COMPILER_GENERATE_SWIFT_ASSET_SYMBOL_EXTENSIONS = YES;
				CLANG_ANALYZER_NONNULL = YES;
				CLANG_ANALYZER_NUMBER_OBJECT_CONVERSION = YES_AGGRESSIVE;
				CLANG_CXX_LANGUAGE_STANDARD = "gnu++20";
				CLANG_ENABLE_MODULES = YES;
				CLANG_ENABLE_OBJC_ARC = YES;
				CLANG_ENABLE_OBJC_WEAK = YES;
				CLANG_WARN_BLOCK_CAPTURE_AUTORELEASING = YES;
				CLANG_WARN_BOOL_CONVERSION = YES;
				CLANG_WARN_COMMA = YES;
				CLANG_WARN_CONSTANT_CONVERSION = YES;
				CLANG_WARN_DEPRECATED_OBJC_IMPLEMENTATIONS = YES;
				CLANG_WARN_DIRECT_OBJC_ISA_USAGE = YES_ERROR;
				CLANG_WARN_DOCUMENTATION_COMMENTS = YES;
				CLANG_WARN_EMPTY_BODY = YES;
				CLANG_WARN_ENUM_CONVERSION = YES;
				CLANG_WARN_INFINITE_RECURSION = YES;
				CLANG_WARN_INT_CONVERSION = YES;
				CLANG_WARN_NON_LITERAL_NULL_CONVERSION = YES;
				CLANG_WARN_OBJC_IMPLICIT_RETAIN_SELF = YES;
				CLANG_WARN_OBJC_LITERAL_CONVERSION = YES;
				CLANG_WARN_OBJC_ROOT_CLASS = YES_ERROR;
				CLANG_WARN_QUOTED_INCLUDE_IN_FRAMEWORK_HEADER = YES;
				CLANG_WARN_RANGE_LOOP_ANALYSIS = YES;
				CLANG_WARN_STRICT_PROTOTYPES = YES;
				CLANG_WARN_SUSPICIOUS_MOVE = YES;
				CLANG_WARN_UNGUARDED_AVAILABILITY = YES_AGGRESSIVE;
				CLANG_WARN_UNREACHABLE_CODE = YES;
				CLANG_WARN__DUPLICATE_METHOD_MATCH = YES;
				COPY_PHASE_STRIP = NO;
				DEBUG_INFORMATION_FORMAT = dwarf;
				ENABLE_STRICT_OBJC_MSGSEND = YES;
				ENABLE_TESTABILITY = YES;
				ENABLE_USER_SCRIPT_SANDBOXING = YES;
				GCC_C_LANGUAGE_STANDARD = gnu17;
				GCC_DYNAMIC_NO_PIC = NO;
				GCC_NO_COMMON_BLOCKS = YES;
				GCC_OPTIMIZATION_LEVEL = 0;
				GCC_PREPROCESSOR_DEFINITIONS = (
					"DEBUG=1",
					"$(inherited)",
				);
				GCC_WARN_64_TO_32_BIT_CONVERSION = YES;
				GCC_WARN_ABOUT_RETURN_TYPE = YES_ERROR;
				GCC_WARN_UNDECLARED_SELECTOR = YES;
				GCC_WARN_UNINITIALIZED_AUTOS = YES_AGGRESSIVE;
				GCC_WARN_UNUSED_FUNCTION = YES;
				GCC_WARN_UNUSED_VARIABLE = YES;
				IPHONEOS_DEPLOYMENT_TARGET = 17.5;
				LOCALIZATION_PREFERS_STRING_CATALOGS = YES;
				MTL_ENABLE_DEBUG_INFO = INCLUDE_SOURCE;
				MTL_FAST_MATH = YES;
				ONLY_ACTIVE_ARCH = YES;
				SDKROOT = iphoneos;
				SWIFT_ACTIVE_COMPILATION_CONDITIONS = "DEBUG $(inherited)";
				SWIFT_OPTIMIZATION_LEVEL = "-Onone";
			};
			name = Debug;
		};
		CB80BA242C473D9A003642C3 /* Release */ = {
			isa = XCBuildConfiguration;
			buildSettings = {
				ALWAYS_SEARCH_USER_PATHS = NO;
				ASSETCATALOG_COMPILER_GENERATE_SWIFT_ASSET_SYMBOL_EXTENSIONS = YES;
				CLANG_ANALYZER_NONNULL = YES;
				CLANG_ANALYZER_NUMBER_OBJECT_CONVERSION = YES_AGGRESSIVE;
				CLANG_CXX_LANGUAGE_STANDARD = "gnu++20";
				CLANG_ENABLE_MODULES = YES;
				CLANG_ENABLE_OBJC_ARC = YES;
				CLANG_ENABLE_OBJC_WEAK = YES;
				CLANG_WARN_BLOCK_CAPTURE_AUTORELEASING = YES;
				CLANG_WARN_BOOL_CONVERSION = YES;
				CLANG_WARN_COMMA = YES;
				CLANG_WARN_CONSTANT_CONVERSION = YES;
				CLANG_WARN_DEPRECATED_OBJC_IMPLEMENTATIONS = YES;
				CLANG_WARN_DIRECT_OBJC_ISA_USAGE = YES_ERROR;
				CLANG_WARN_DOCUMENTATION_COMMENTS = YES;
				CLANG_WARN_EMPTY_BODY = YES;
				CLANG_WARN_ENUM_CONVERSION = YES;
				CLANG_WARN_INFINITE_RECURSION = YES;
				CLANG_WARN_INT_CONVERSION = YES;
				CLANG_WARN_NON_LITERAL_NULL_CONVERSION = YES;
				CLANG_WARN_OBJC_IMPLICIT_RETAIN_SELF = YES;
				CLANG_WARN_OBJC_LITERAL_CONVERSION = YES;
				CLANG_WARN_OBJC_ROOT_CLASS = YES_ERROR;
				CLANG_WARN_QUOTED_INCLUDE_IN_FRAMEWORK_HEADER = YES;
				CLANG_WARN_RANGE_LOOP_ANALYSIS = YES;
				CLANG_WARN_STRICT_PROTOTYPES = YES;
				CLANG_WARN_SUSPICIOUS_MOVE = YES;
				CLANG_WARN_UNGUARDED_AVAILABILITY = YES_AGGRESSIVE;
				CLANG_WARN_UNREACHABLE_CODE = YES;
				CLANG_WARN__DUPLICATE_METHOD_MATCH = YES;
				COPY_PHASE_STRIP = NO;
				DEBUG_INFORMATION_FORMAT = "dwarf-with-dsym";
				ENABLE_NS_ASSERTIONS = NO;
				ENABLE_STRICT_OBJC_MSGSEND = YES;
				ENABLE_USER_SCRIPT_SANDBOXING = YES;
				GCC_C_LANGUAGE_STANDARD = gnu17;
				GCC_NO_COMMON_BLOCKS = YES;
				GCC_WARN_64_TO_32_BIT_CONVERSION = YES;
				GCC_WARN_ABOUT_RETURN_TYPE = YES_ERROR;
				GCC_WARN_UNDECLARED_SELECTOR = YES;
				GCC_WARN_UNINITIALIZED_AUTOS = YES_AGGRESSIVE;
				GCC_WARN_UNUSED_FUNCTION = YES;
				GCC_WARN_UNUSED_VARIABLE = YES;
				IPHONEOS_DEPLOYMENT_TARGET = 17.5;
				LOCALIZATION_PREFERS_STRING_CATALOGS = YES;
				MTL_ENABLE_DEBUG_INFO = NO;
				MTL_FAST_MATH = YES;
				SDKROOT = iphoneos;
				SWIFT_COMPILATION_MODE = wholemodule;
				VALIDATE_PRODUCT = YES;
			};
			name = Release;
		};
		CB80BA262C473D9A003642C3 /* Debug */ = {
			isa = XCBuildConfiguration;
			buildSettings = {
				ASSETCATALOG_COMPILER_APPICON_NAME = AppIcon;
				ASSETCATALOG_COMPILER_GLOBAL_ACCENT_COLOR_NAME = AccentColor;
				CODE_SIGN_STYLE = Automatic;
				CURRENT_PROJECT_VERSION = 1;
				DEVELOPMENT_ASSET_PATHS = "\"PokeCard/Preview Content\"";
				DEVELOPMENT_TEAM = 3Y86V58MN2;
				ENABLE_PREVIEWS = YES;
				GENERATE_INFOPLIST_FILE = YES;
				INFOPLIST_KEY_UIApplicationSceneManifest_Generation = YES;
				INFOPLIST_KEY_UIApplicationSupportsIndirectInputEvents = YES;
				INFOPLIST_KEY_UILaunchScreen_Generation = YES;
				INFOPLIST_KEY_UISupportedInterfaceOrientations_iPad = "UIInterfaceOrientationPortrait UIInterfaceOrientationPortraitUpsideDown UIInterfaceOrientationLandscapeLeft UIInterfaceOrientationLandscapeRight";
				INFOPLIST_KEY_UISupportedInterfaceOrientations_iPhone = "UIInterfaceOrientationPortrait UIInterfaceOrientationLandscapeLeft UIInterfaceOrientationLandscapeRight";
				IPHONEOS_DEPLOYMENT_TARGET = 15.0;
				LD_RUNPATH_SEARCH_PATHS = (
					"$(inherited)",
					"@executable_path/Frameworks",
				);
				MARKETING_VERSION = 1.0;
				PRODUCT_BUNDLE_IDENTIFIER = rizaradiarivaldo.PokeCard;
				PRODUCT_NAME = "$(TARGET_NAME)";
				SUPPORTED_PLATFORMS = "iphoneos iphonesimulator";
				SUPPORTS_MACCATALYST = NO;
				SUPPORTS_MAC_DESIGNED_FOR_IPHONE_IPAD = NO;
				SUPPORTS_XR_DESIGNED_FOR_IPHONE_IPAD = NO;
				SWIFT_EMIT_LOC_STRINGS = YES;
				SWIFT_VERSION = 5.0;
				TARGETED_DEVICE_FAMILY = "1,2";
			};
			name = Debug;
		};
		CB80BA272C473D9A003642C3 /* Release */ = {
			isa = XCBuildConfiguration;
			buildSettings = {
				ASSETCATALOG_COMPILER_APPICON_NAME = AppIcon;
				ASSETCATALOG_COMPILER_GLOBAL_ACCENT_COLOR_NAME = AccentColor;
				CODE_SIGN_STYLE = Automatic;
				CURRENT_PROJECT_VERSION = 1;
				DEVELOPMENT_ASSET_PATHS = "\"PokeCard/Preview Content\"";
				DEVELOPMENT_TEAM = 3Y86V58MN2;
				ENABLE_PREVIEWS = YES;
				GENERATE_INFOPLIST_FILE = YES;
				INFOPLIST_KEY_UIApplicationSceneManifest_Generation = YES;
				INFOPLIST_KEY_UIApplicationSupportsIndirectInputEvents = YES;
				INFOPLIST_KEY_UILaunchScreen_Generation = YES;
				INFOPLIST_KEY_UISupportedInterfaceOrientations_iPad = "UIInterfaceOrientationPortrait UIInterfaceOrientationPortraitUpsideDown UIInterfaceOrientationLandscapeLeft UIInterfaceOrientationLandscapeRight";
				INFOPLIST_KEY_UISupportedInterfaceOrientations_iPhone = "UIInterfaceOrientationPortrait UIInterfaceOrientationLandscapeLeft UIInterfaceOrientationLandscapeRight";
				IPHONEOS_DEPLOYMENT_TARGET = 15.0;
				LD_RUNPATH_SEARCH_PATHS = (
					"$(inherited)",
					"@executable_path/Frameworks",
				);
				MARKETING_VERSION = 1.0;
				PRODUCT_BUNDLE_IDENTIFIER = rizaradiarivaldo.PokeCard;
				PRODUCT_NAME = "$(TARGET_NAME)";
				SUPPORTED_PLATFORMS = "iphoneos iphonesimulator";
				SUPPORTS_MACCATALYST = NO;
				SUPPORTS_MAC_DESIGNED_FOR_IPHONE_IPAD = NO;
				SUPPORTS_XR_DESIGNED_FOR_IPHONE_IPAD = NO;
				SWIFT_EMIT_LOC_STRINGS = YES;
				SWIFT_VERSION = 5.0;
				TARGETED_DEVICE_FAMILY = "1,2";
			};
			name = Release;
		};
		CB80BA292C473D9A003642C3 /* Debug */ = {
			isa = XCBuildConfiguration;
			buildSettings = {
				ALWAYS_EMBED_SWIFT_STANDARD_LIBRARIES = YES;
				BUNDLE_LOADER = "$(TEST_HOST)";
				CODE_SIGN_STYLE = Automatic;
				CURRENT_PROJECT_VERSION = 1;
				DEVELOPMENT_TEAM = 3Y86V58MN2;
				GENERATE_INFOPLIST_FILE = YES;
				IPHONEOS_DEPLOYMENT_TARGET = 17.5;
				MARKETING_VERSION = 1.0;
				PRODUCT_BUNDLE_IDENTIFIER = rizaradiarivaldo.PokeCardTests;
				PRODUCT_NAME = "$(TARGET_NAME)";
				SWIFT_EMIT_LOC_STRINGS = NO;
				SWIFT_VERSION = 5.0;
				TARGETED_DEVICE_FAMILY = "1,2";
				TEST_HOST = "$(BUILT_PRODUCTS_DIR)/PokeCard.app/$(BUNDLE_EXECUTABLE_FOLDER_PATH)/PokeCard";
			};
			name = Debug;
		};
		CB80BA2A2C473D9A003642C3 /* Release */ = {
			isa = XCBuildConfiguration;
			buildSettings = {
				ALWAYS_EMBED_SWIFT_STANDARD_LIBRARIES = YES;
				BUNDLE_LOADER = "$(TEST_HOST)";
				CODE_SIGN_STYLE = Automatic;
				CURRENT_PROJECT_VERSION = 1;
				DEVELOPMENT_TEAM = 3Y86V58MN2;
				GENERATE_INFOPLIST_FILE = YES;
				IPHONEOS_DEPLOYMENT_TARGET = 17.5;
				MARKETING_VERSION = 1.0;
				PRODUCT_BUNDLE_IDENTIFIER = rizaradiarivaldo.PokeCardTests;
				PRODUCT_NAME = "$(TARGET_NAME)";
				SWIFT_EMIT_LOC_STRINGS = NO;
				SWIFT_VERSION = 5.0;
				TARGETED_DEVICE_FAMILY = "1,2";
				TEST_HOST = "$(BUILT_PRODUCTS_DIR)/PokeCard.app/$(BUNDLE_EXECUTABLE_FOLDER_PATH)/PokeCard";
			};
			name = Release;
		};
		CB80BA2C2C473D9A003642C3 /* Debug */ = {
			isa = XCBuildConfiguration;
			buildSettings = {
				ALWAYS_EMBED_SWIFT_STANDARD_LIBRARIES = YES;
				CODE_SIGN_STYLE = Automatic;
				CURRENT_PROJECT_VERSION = 1;
				DEVELOPMENT_TEAM = 3Y86V58MN2;
				GENERATE_INFOPLIST_FILE = YES;
				MARKETING_VERSION = 1.0;
				PRODUCT_BUNDLE_IDENTIFIER = rizaradiarivaldo.PokeCardUITests;
				PRODUCT_NAME = "$(TARGET_NAME)";
				SWIFT_EMIT_LOC_STRINGS = NO;
				SWIFT_VERSION = 5.0;
				TARGETED_DEVICE_FAMILY = "1,2";
				TEST_TARGET_NAME = PokeCard;
			};
			name = Debug;
		};
		CB80BA2D2C473D9A003642C3 /* Release */ = {
			isa = XCBuildConfiguration;
			buildSettings = {
				ALWAYS_EMBED_SWIFT_STANDARD_LIBRARIES = YES;
				CODE_SIGN_STYLE = Automatic;
				CURRENT_PROJECT_VERSION = 1;
				DEVELOPMENT_TEAM = 3Y86V58MN2;
				GENERATE_INFOPLIST_FILE = YES;
				MARKETING_VERSION = 1.0;
				PRODUCT_BUNDLE_IDENTIFIER = rizaradiarivaldo.PokeCardUITests;
				PRODUCT_NAME = "$(TARGET_NAME)";
				SWIFT_EMIT_LOC_STRINGS = NO;
				SWIFT_VERSION = 5.0;
				TARGETED_DEVICE_FAMILY = "1,2";
				TEST_TARGET_NAME = PokeCard;
			};
			name = Release;
		};
/* End XCBuildConfiguration section */

/* Begin XCConfigurationList section */
		CB80B9FC2C473D98003642C3 /* Build configuration list for PBXProject "PokeCard" */ = {
			isa = XCConfigurationList;
			buildConfigurations = (
				CB80BA232C473D9A003642C3 /* Debug */,
				CB80BA242C473D9A003642C3 /* Release */,
			);
			defaultConfigurationIsVisible = 0;
			defaultConfigurationName = Release;
		};
		CB80BA252C473D9A003642C3 /* Build configuration list for PBXNativeTarget "PokeCard" */ = {
			isa = XCConfigurationList;
			buildConfigurations = (
				CB80BA262C473D9A003642C3 /* Debug */,
				CB80BA272C473D9A003642C3 /* Release */,
			);
			defaultConfigurationIsVisible = 0;
			defaultConfigurationName = Release;
		};
		CB80BA282C473D9A003642C3 /* Build configuration list for PBXNativeTarget "PokeCardTests" */ = {
			isa = XCConfigurationList;
			buildConfigurations = (
				CB80BA292C473D9A003642C3 /* Debug */,
				CB80BA2A2C473D9A003642C3 /* Release */,
			);
			defaultConfigurationIsVisible = 0;
			defaultConfigurationName = Release;
		};
		CB80BA2B2C473D9A003642C3 /* Build configuration list for PBXNativeTarget "PokeCardUITests" */ = {
			isa = XCConfigurationList;
			buildConfigurations = (
				CB80BA2C2C473D9A003642C3 /* Debug */,
				CB80BA2D2C473D9A003642C3 /* Release */,
			);
			defaultConfigurationIsVisible = 0;
			defaultConfigurationName = Release;
		};
/* End XCConfigurationList section */
	};
	rootObject = CB80B9F92C473D98003642C3 /* Project object */;
}
